
Microsoft Visual Studio Solution File, Format Version 12.00
# Visual Studio Version 17
VisualStudioVersion = 17.6.33723.286
MinimumVisualStudioVersion = 10.0.40219.1
Project("{9A19103F-16F7-4668-BE54-9A1E7A4F7556}") = "QuizApp", "QuizApp.csproj", "{116C7293-FFC6-4A93-ACCE-57CD4A9F761E}"
EndProject
Global
	GlobalSection(SolutionConfigurationPlatforms) = preSolution
		Debug|Any CPU = Debug|Any CPU
		Release|Any CPU = Release|Any CPU
	EndGlobalSection
	GlobalSection(ProjectConfigurationPlatforms) = postSolution
		{116C7293-FFC6-4A93-ACCE-57CD4A9F761E}.Debug|Any CPU.ActiveCfg = Debug|Any CPU
		{116C7293-FFC6-4A93-ACCE-57CD4A9F761E}.Debug|Any CPU.Build.0 = Debug|Any CPU
		{116C7293-FFC6-4A93-ACCE-57CD4A9F761E}.Release|Any CPU.ActiveCfg = Release|Any CPU
		{116C7293-FFC6-4A93-ACCE-57CD4A9F761E}.Release|Any CPU.Build.0 = Release|Any CPU
	EndGlobalSection
	GlobalSection(SolutionProperties) = preSolution
		HideSolutionNode = FALSE
	EndGlobalSection
	GlobalSection(ExtensibilityGlobals) = postSolution
		SolutionGuid = {67F3D1B6-E414-47E2-BC4D-2C9C73944ABC}
	EndGlobalSection
EndGlobal
